<?xml version="1.0" encoding="utf-8"?>
<Project ToolsVersion="17.0" xmlns="http://schemas.microsoft.com/developer/msbuild/2003">
  <ItemGroup>
    <ClCompile Include="D:\OpenSource\CASL\core\tests\test_machine.cpp">
      <Filter>Source Files</Filter>
    </ClCompile>
  </ItemGroup>
  <ItemGroup>
    <CustomBuild Include="D:\OpenSource\CASL\core\tests\CMakeLists.txt" />
  </ItemGroup>
  <ItemGroup>
    <Filter Include="Source Files">
      <UniqueIdentifier>{897DF4D1-FCF8-319A-A8E7-3C3ECBF8DAE9}</UniqueIdentifier>
    </Filter>
  </ItemGroup>
</Project>
