
Microsoft Visual Studio Solution File, Format Version 12.00
# Visual Studio Version 17
Project("{8BC9CEB8-8B4A-11D0-8D11-00A0C91BC942}") = "ALL_BUILD", "ALL_BUILD.vcxproj", "{0843A31D-A202-395B-9510-4FDF0713FC4C}"
	ProjectSection(ProjectDependencies) = postProject
		{A51838EF-4E15-3EEC-9E14-4D8AF4582F91} = {A51838EF-4E15-3EEC-9E14-4D8AF4582F91}
		{5BC79654-5808-307F-BFF2-4D322CE0672D} = {5BC79654-5808-307F-BFF2-4D322CE0672D}
		{E9736993-4173-3441-BB19-99A35B72C562} = {E9736993-4173-3441-BB19-99A35B72C562}
		{BA3F46CC-1473-35B9-9DF7-47D5E91D92AA} = {BA3F46CC-1473-35B9-9DF7-47D5E91D92AA}
		{9F1D6C26-43B0-314B-AD99-02B4005248BF} = {9F1D6C26-43B0-314B-AD99-02B4005248BF}
	EndProjectSection
EndProject
Project("{8BC9CEB8-8B4A-11D0-8D11-00A0C91BC942}") = "RUN_TESTS", "RUN_TESTS.vcxproj", "{970BC4C7-3246-356A-ADBE-BFFC441C624F}"
	ProjectSection(ProjectDependencies) = postProject
		{A51838EF-4E15-3EEC-9E14-4D8AF4582F91} = {A51838EF-4E15-3EEC-9E14-4D8AF4582F91}
	EndProjectSection
EndProject
Project("{8BC9CEB8-8B4A-11D0-8D11-00A0C91BC942}") = "ZERO_CHECK", "ZERO_CHECK.vcxproj", "{A51838EF-4E15-3EEC-9E14-4D8AF4582F91}"
	ProjectSection(ProjectDependencies) = postProject
	EndProjectSection
EndProject
Project("{8BC9CEB8-8B4A-11D0-8D11-00A0C91BC942}") = "casl-core", "core\casl-core.vcxproj", "{5BC79654-5808-307F-BFF2-4D322CE0672D}"
	ProjectSection(ProjectDependencies) = postProject
		{A51838EF-4E15-3EEC-9E14-4D8AF4582F91} = {A51838EF-4E15-3EEC-9E14-4D8AF4582F91}
	EndProjectSection
EndProject
Project("{8BC9CEB8-8B4A-11D0-8D11-00A0C91BC942}") = "casldump", "core\tools\casldump.vcxproj", "{E9736993-4173-3441-BB19-99A35B72C562}"
	ProjectSection(ProjectDependencies) = postProject
		{A51838EF-4E15-3EEC-9E14-4D8AF4582F91} = {A51838EF-4E15-3EEC-9E14-4D8AF4582F91}
		{5BC79654-5808-307F-BFF2-4D322CE0672D} = {5BC79654-5808-307F-BFF2-4D322CE0672D}
	EndProjectSection
EndProject
Project("{8BC9CEB8-8B4A-11D0-8D11-00A0C91BC942}") = "test_assembler", "core\tests\test_assembler.vcxproj", "{BA3F46CC-1473-35B9-9DF7-47D5E91D92AA}"
	ProjectSection(ProjectDependencies) = postProject
		{A51838EF-4E15-3EEC-9E14-4D8AF4582F91} = {A51838EF-4E15-3EEC-9E14-4D8AF4582F91}
		{5BC79654-5808-307F-BFF2-4D322CE0672D} = {5BC79654-5808-307F-BFF2-4D322CE0672D}
	EndProjectSection
EndProject
Project("{8BC9CEB8-8B4A-11D0-8D11-00A0C91BC942}") = "test_machine", "core\tests\test_machine.vcxproj", "{9F1D6C26-43B0-314B-AD99-02B4005248BF}"
	ProjectSection(ProjectDependencies) = postProject
		{A51838EF-4E15-3EEC-9E14-4D8AF4582F91} = {A51838EF-4E15-3EEC-9E14-4D8AF4582F91}
		{5BC79654-5808-307F-BFF2-4D322CE0672D} = {5BC79654-5808-307F-BFF2-4D322CE0672D}
	EndProjectSection
EndProject
Global
	GlobalSection(SolutionConfigurationPlatforms) = preSolution
		Debug|x64 = Debug|x64
		Release|x64 = Release|x64
		MinSizeRel|x64 = MinSizeRel|x64
		RelWithDebInfo|x64 = RelWithDebInfo|x64
	EndGlobalSection
	GlobalSection(ProjectConfigurationPlatforms) = postSolution
		{0843A31D-A202-395B-9510-4FDF0713FC4C}.Debug|x64.ActiveCfg = Debug|x64
		{0843A31D-A202-395B-9510-4FDF0713FC4C}.Release|x64.ActiveCfg = Release|x64
		{0843A31D-A202-395B-9510-4FDF0713FC4C}.MinSizeRel|x64.ActiveCfg = MinSizeRel|x64
		{0843A31D-A202-395B-9510-4FDF0713FC4C}.RelWithDebInfo|x64.ActiveCfg = RelWithDebInfo|x64
		{970BC4C7-3246-356A-ADBE-BFFC441C624F}.Debug|x64.ActiveCfg = Debug|x64
		{970BC4C7-3246-356A-ADBE-BFFC441C624F}.Release|x64.ActiveCfg = Release|x64
		{970BC4C7-3246-356A-ADBE-BFFC441C624F}.MinSizeRel|x64.ActiveCfg = MinSizeRel|x64
		{970BC4C7-3246-356A-ADBE-BFFC441C624F}.RelWithDebInfo|x64.ActiveCfg = RelWithDebInfo|x64
		{A51838EF-4E15-3EEC-9E14-4D8AF4582F91}.Debug|x64.ActiveCfg = Debug|x64
		{A51838EF-4E15-3EEC-9E14-4D8AF4582F91}.Debug|x64.Build.0 = Debug|x64
		{A51838EF-4E15-3EEC-9E14-4D8AF4582F91}.Release|x64.ActiveCfg = Release|x64
		{A51838EF-4E15-3EEC-9E14-4D8AF4582F91}.Release|x64.Build.0 = Release|x64
		{A51838EF-4E15-3EEC-9E14-4D8AF4582F91}.MinSizeRel|x64.ActiveCfg = MinSizeRel|x64
		{A51838EF-4E15-3EEC-9E14-4D8AF4582F91}.MinSizeRel|x64.Build.0 = MinSizeRel|x64
		{A51838EF-4E15-3EEC-9E14-4D8AF4582F91}.RelWithDebInfo|x64.ActiveCfg = RelWithDebInfo|x64
		{A51838EF-4E15-3EEC-9E14-4D8AF4582F91}.RelWithDebInfo|x64.Build.0 = RelWithDebInfo|x64
		{5BC79654-5808-307F-BFF2-4D322CE0672D}.Debug|x64.ActiveCfg = Debug|x64
		{5BC79654-5808-307F-BFF2-4D322CE0672D}.Debug|x64.Build.0 = Debug|x64
		{5BC79654-5808-307F-BFF2-4D322CE0672D}.Release|x64.ActiveCfg = Release|x64
		{5BC79654-5808-307F-BFF2-4D322CE0672D}.Release|x64.Build.0 = Release|x64
		{5BC79654-5808-307F-BFF2-4D322CE0672D}.MinSizeRel|x64.ActiveCfg = MinSizeRel|x64
		{5BC79654-5808-307F-BFF2-4D322CE0672D}.MinSizeRel|x64.Build.0 = MinSizeRel|x64
		{5BC79654-5808-307F-BFF2-4D322CE0672D}.RelWithDebInfo|x64.ActiveCfg = RelWithDebInfo|x64
		{5BC79654-5808-307F-BFF2-4D322CE0672D}.RelWithDebInfo|x64.Build.0 = RelWithDebInfo|x64
		{E9736993-4173-3441-BB19-99A35B72C562}.Debug|x64.ActiveCfg = Debug|x64
		{E9736993-4173-3441-BB19-99A35B72C562}.Debug|x64.Build.0 = Debug|x64
		{E9736993-4173-3441-BB19-99A35B72C562}.Release|x64.ActiveCfg = Release|x64
		{E9736993-4173-3441-BB19-99A35B72C562}.Release|x64.Build.0 = Release|x64
		{E9736993-4173-3441-BB19-99A35B72C562}.MinSizeRel|x64.ActiveCfg = MinSizeRel|x64
		{E9736993-4173-3441-BB19-99A35B72C562}.MinSizeRel|x64.Build.0 = MinSizeRel|x64
		{E9736993-4173-3441-BB19-99A35B72C562}.RelWithDebInfo|x64.ActiveCfg = RelWithDebInfo|x64
		{E9736993-4173-3441-BB19-99A35B72C562}.RelWithDebInfo|x64.Build.0 = RelWithDebInfo|x64
		{BA3F46CC-1473-35B9-9DF7-47D5E91D92AA}.Debug|x64.ActiveCfg = Debug|x64
		{BA3F46CC-1473-35B9-9DF7-47D5E91D92AA}.Debug|x64.Build.0 = Debug|x64
		{BA3F46CC-1473-35B9-9DF7-47D5E91D92AA}.Release|x64.ActiveCfg = Release|x64
		{BA3F46CC-1473-35B9-9DF7-47D5E91D92AA}.Release|x64.Build.0 = Release|x64
		{BA3F46CC-1473-35B9-9DF7-47D5E91D92AA}.MinSizeRel|x64.ActiveCfg = MinSizeRel|x64
		{BA3F46CC-1473-35B9-9DF7-47D5E91D92AA}.MinSizeRel|x64.Build.0 = MinSizeRel|x64
		{BA3F46CC-1473-35B9-9DF7-47D5E91D92AA}.RelWithDebInfo|x64.ActiveCfg = RelWithDebInfo|x64
		{BA3F46CC-1473-35B9-9DF7-47D5E91D92AA}.RelWithDebInfo|x64.Build.0 = RelWithDebInfo|x64
		{9F1D6C26-43B0-314B-AD99-02B4005248BF}.Debug|x64.ActiveCfg = Debug|x64
		{9F1D6C26-43B0-314B-AD99-02B4005248BF}.Debug|x64.Build.0 = Debug|x64
		{9F1D6C26-43B0-314B-AD99-02B4005248BF}.Release|x64.ActiveCfg = Release|x64
		{9F1D6C26-43B0-314B-AD99-02B4005248BF}.Release|x64.Build.0 = Release|x64
		{9F1D6C26-43B0-314B-AD99-02B4005248BF}.MinSizeRel|x64.ActiveCfg = MinSizeRel|x64
		{9F1D6C26-43B0-314B-AD99-02B4005248BF}.MinSizeRel|x64.Build.0 = MinSizeRel|x64
		{9F1D6C26-43B0-314B-AD99-02B4005248BF}.RelWithDebInfo|x64.ActiveCfg = RelWithDebInfo|x64
		{9F1D6C26-43B0-314B-AD99-02B4005248BF}.RelWithDebInfo|x64.Build.0 = RelWithDebInfo|x64
	EndGlobalSection
	GlobalSection(ExtensibilityGlobals) = postSolution
		SolutionGuid = {A7AB3966-5DEB-3029-B5EE-EC6316450ACD}
	EndGlobalSection
	GlobalSection(ExtensibilityAddIns) = postSolution
	EndGlobalSection
EndGlobal
